
Microsoft Visual Studio Solution File, Format Version 12.00
Project("{FAE04EC0-301F-11D3-BF4B-00C04F79EFBC}") = "EducationTesting.Client", "EducationTesting.Client\EducationTesting.Client.csproj", "{DA23F6DC-FDDF-4BA8-BCBA-B6FA46E70342}"
EndProject
Project("{2150E333-8FDC-42A3-9474-1A3956D46DE8}") = "root", "root", "{3223ED2A-72DA-4AFB-953E-3F4E3ED4742B}"
	ProjectSection(SolutionItems) = preProject
		.gitignore = .gitignore
	EndProjectSection
EndProject
Global
	GlobalSection(SolutionConfigurationPlatforms) = preSolution
		Debug|Any CPU = Debug|Any CPU
		Release|Any CPU = Release|Any CPU
	EndGlobalSection
	GlobalSection(ProjectConfigurationPlatforms) = postSolution
		{DA23F6DC-FDDF-4BA8-BCBA-B6FA46E70342}.Debug|Any CPU.ActiveCfg = Debug|Any CPU
		{DA23F6DC-FDDF-4BA8-BCBA-B6FA46E70342}.Debug|Any CPU.Build.0 = Debug|Any CPU
		{DA23F6DC-FDDF-4BA8-BCBA-B6FA46E70342}.Release|Any CPU.ActiveCfg = Release|Any CPU
		{DA23F6DC-FDDF-4BA8-BCBA-B6FA46E70342}.Release|Any CPU.Build.0 = Release|Any CPU
	EndGlobalSection
EndGlobal
